
Microsoft Visual Studio Solution File, Format Version 12.00
# Visual Studio Version 16
VisualStudioVersion = 16.0.29709.97
MinimumVisualStudioVersion = 10.0.40219.1
Project("{FAE04EC0-301F-11D3-BF4B-00C04F79EFBC}") = "Pesinho 2.0", "Pesinho 2.0\Pesinho 2.0.csproj", "{B8F007A8-2488-4C54-B193-C913EB0F3275}"
EndProject
Global
	GlobalSection(SolutionConfigurationPlatforms) = preSolution
		Debug|Any CPU = Debug|Any CPU
		Release|Any CPU = Release|Any CPU
	EndGlobalSection
	GlobalSection(ProjectConfigurationPlatforms) = postSolution
		{B8F007A8-2488-4C54-B193-C913EB0F3275}.Debug|Any CPU.ActiveCfg = Debug|Any CPU
		{B8F007A8-2488-4C54-B193-C913EB0F3275}.Debug|Any CPU.Build.0 = Debug|Any CPU
		{B8F007A8-2488-4C54-B193-C913EB0F3275}.Release|Any CPU.ActiveCfg = Release|Any CPU
		{B8F007A8-2488-4C54-B193-C913EB0F3275}.Release|Any CPU.Build.0 = Release|Any CPU
	EndGlobalSection
	GlobalSection(SolutionProperties) = preSolution
		HideSolutionNode = FALSE
	EndGlobalSection
	GlobalSection(ExtensibilityGlobals) = postSolution
		SolutionGuid = {1F29A7D6-21FE-4125-BDC5-6B36C7BDEFF5}
	EndGlobalSection
EndGlobal
